{
    "name": "ocr-cli",
    "version": "1.0.0",
    "lockfileVersion": 2,
    "requires": true,
    "packages": {
        "": {
            "name": "ocr-cli",
            "version": "1.0.0",
            "license": "Apache-2.0",
            "dependencies": {
                "tesseract.js": "file:../../tesseract.js"
            },
            "bin": {
                "ocr-cli": "ocr.js"
            }
        },
        "../../tesseract.js": {
            "version": "5.1.1",
            "hasInstallScript": true,
            "license": "Apache-2.0",
            "dependencies": {
                "bmp-js": "^0.1.0",
                "idb-keyval": "^6.2.0",
                "is-electron": "^2.2.2",
                "is-url": "^1.2.4",
                "node-fetch": "^2.6.9",
                "opencollective-postinstall": "^2.0.3",
                "regenerator-runtime": "^0.13.3",
                "tesseract.js-core": "^5.1.1",
                "wasm-feature-detect": "^1.2.11",
                "zlibjs": "^0.3.1"
            },
            "devDependencies": {
                "@babel/core": "^7.21.4",
                "@babel/eslint-parser": "^7.21.3",
                "@babel/preset-env": "^7.21.4",
                "@rollup/plugin-commonjs": "^24.1.0",
                "acorn": "^8.8.2",
                "babel-loader": "^9.1.2",
                "buffer": "^6.0.3",
                "cors": "^2.8.5",
                "eslint": "^7.32.0",
                "eslint-config-airbnb-base": "^14.2.1",
                "eslint-plugin-import": "^2.27.5",
                "expect.js": "^0.3.1",
                "express": "^4.18.2",
                "mocha": "^10.2.0",
                "mocha-headless-chrome": "^4.0.0",
                "npm-run-all": "^4.1.5",
                "nyc": "^15.1.0",
                "rimraf": "^5.0.0",
                "rollup": "^3.20.7",
                "rollup-plugin-sourcemaps": "^0.6.3",
                "wait-on": "^7.0.1",
                "webpack": "^5.79.0",
                "webpack-bundle-analyzer": "^4.8.0",
                "webpack-cli": "^5.0.1",
                "webpack-dev-middleware": "^6.0.2"
            }
        },
        "node_modules/tesseract.js": {
            "resolved": "../../tesseract.js",
            "link": true
        }
    },
    "dependencies": {
        "tesseract.js": {
            "version": "file:../../tesseract.js",
            "requires": {
                "@babel/core": "^7.21.4",
                "@babel/eslint-parser": "^7.21.3",
                "@babel/preset-env": "^7.21.4",
                "@rollup/plugin-commonjs": "^24.1.0",
                "acorn": "^8.8.2",
                "babel-loader": "^9.1.2",
                "bmp-js": "^0.1.0",
                "buffer": "^6.0.3",
                "cors": "^2.8.5",
                "eslint": "^7.32.0",
                "eslint-config-airbnb-base": "^14.2.1",
                "eslint-plugin-import": "^2.27.5",
                "expect.js": "^0.3.1",
                "express": "^4.18.2",
                "idb-keyval": "^6.2.0",
                "is-electron": "^2.2.2",
                "is-url": "^1.2.4",
                "mocha": "^10.2.0",
                "mocha-headless-chrome": "^4.0.0",
                "node-fetch": "^2.6.9",
                "npm-run-all": "^4.1.5",
                "nyc": "^15.1.0",
                "opencollective-postinstall": "^2.0.3",
                "regenerator-runtime": "^0.13.3",
                "rimraf": "^5.0.0",
                "rollup": "^3.20.7",
                "rollup-plugin-sourcemaps": "^0.6.3",
                "tesseract.js-core": "^5.1.1",
                "wait-on": "^7.0.1",
                "wasm-feature-detect": "^1.2.11",
                "webpack": "^5.79.0",
                "webpack-bundle-analyzer": "^4.8.0",
                "webpack-cli": "^5.0.1",
                "webpack-dev-middleware": "^6.0.2",
                "zlibjs": "^0.3.1"
            }
        }
    }
}
